
Microsoft Visual Studio Solution File, Format Version 12.00
# Visual Studio 15
VisualStudioVersion = 15.0.26228.4
MinimumVisualStudioVersion = 10.0.40219.1
Project("{FAE04EC0-301F-11D3-BF4B-00C04F79EFBC}") = "TaskManager.DataLayer", "TaskManager.DataLayer\TaskManager.DataLayer.csproj", "{ED97C7E0-7F8E-40EF-BC10-EAE1D2F97D47}"
EndProject
Project("{FAE04EC0-301F-11D3-BF4B-00C04F79EFBC}") = "TaskManager.BusinessLayer", "TaskManager.BusinessLayer\TaskManager.BusinessLayer.csproj", "{299732E3-189A-4E62-840C-CD470CC771E6}"
EndProject
Project("{FAE04EC0-301F-11D3-BF4B-00C04F79EFBC}") = "TaskManager.API", "TaskManager.API\TaskManager.API.csproj", "{7AEF5800-0FD7-4CA0-99AA-F4AD407493EE}"
EndProject
Project("{FAE04EC0-301F-11D3-BF4B-00C04F79EFBC}") = "TaskManager.API.Tests", "TaskManager.API.Tests\TaskManager.API.Tests.csproj", "{6F93E207-ABD9-4168-9ED8-56E3FC626504}"
EndProject
Project("{FAE04EC0-301F-11D3-BF4B-00C04F79EFBC}") = "TaskManager.API.PerformanceTest", "TaskManager.API.PerformanceTest\TaskManager.API.PerformanceTest.csproj", "{1BAED11C-A106-4856-9269-7C12F35FFDD3}"
EndProject
Project("{2150E333-8FDC-42A3-9474-1A3956D46DE8}") = "Solution Items", "Solution Items", "{1D5BDE78-144A-4E62-A27E-0A8DFFBA13FA}"
	ProjectSection(SolutionItems) = preProject
		Local.testsettings = Local.testsettings
	EndProjectSection
EndProject
Global
	GlobalSection(SolutionConfigurationPlatforms) = preSolution
		Debug|Any CPU = Debug|Any CPU
		Release|Any CPU = Release|Any CPU
	EndGlobalSection
	GlobalSection(ProjectConfigurationPlatforms) = postSolution
		{ED97C7E0-7F8E-40EF-BC10-EAE1D2F97D47}.Debug|Any CPU.ActiveCfg = Debug|Any CPU
		{ED97C7E0-7F8E-40EF-BC10-EAE1D2F97D47}.Debug|Any CPU.Build.0 = Debug|Any CPU
		{ED97C7E0-7F8E-40EF-BC10-EAE1D2F97D47}.Release|Any CPU.ActiveCfg = Release|Any CPU
		{ED97C7E0-7F8E-40EF-BC10-EAE1D2F97D47}.Release|Any CPU.Build.0 = Release|Any CPU
		{299732E3-189A-4E62-840C-CD470CC771E6}.Debug|Any CPU.ActiveCfg = Debug|Any CPU
		{299732E3-189A-4E62-840C-CD470CC771E6}.Debug|Any CPU.Build.0 = Debug|Any CPU
		{299732E3-189A-4E62-840C-CD470CC771E6}.Release|Any CPU.ActiveCfg = Release|Any CPU
		{299732E3-189A-4E62-840C-CD470CC771E6}.Release|Any CPU.Build.0 = Release|Any CPU
		{7AEF5800-0FD7-4CA0-99AA-F4AD407493EE}.Debug|Any CPU.ActiveCfg = Debug|Any CPU
		{7AEF5800-0FD7-4CA0-99AA-F4AD407493EE}.Debug|Any CPU.Build.0 = Debug|Any CPU
		{7AEF5800-0FD7-4CA0-99AA-F4AD407493EE}.Release|Any CPU.ActiveCfg = Release|Any CPU
		{7AEF5800-0FD7-4CA0-99AA-F4AD407493EE}.Release|Any CPU.Build.0 = Release|Any CPU
		{6F93E207-ABD9-4168-9ED8-56E3FC626504}.Debug|Any CPU.ActiveCfg = Debug|Any CPU
		{6F93E207-ABD9-4168-9ED8-56E3FC626504}.Debug|Any CPU.Build.0 = Debug|Any CPU
		{6F93E207-ABD9-4168-9ED8-56E3FC626504}.Release|Any CPU.ActiveCfg = Release|Any CPU
		{6F93E207-ABD9-4168-9ED8-56E3FC626504}.Release|Any CPU.Build.0 = Release|Any CPU
		{1BAED11C-A106-4856-9269-7C12F35FFDD3}.Debug|Any CPU.ActiveCfg = Debug|Any CPU
		{1BAED11C-A106-4856-9269-7C12F35FFDD3}.Debug|Any CPU.Build.0 = Debug|Any CPU
		{1BAED11C-A106-4856-9269-7C12F35FFDD3}.Release|Any CPU.ActiveCfg = Release|Any CPU
		{1BAED11C-A106-4856-9269-7C12F35FFDD3}.Release|Any CPU.Build.0 = Release|Any CPU
	EndGlobalSection
	GlobalSection(SolutionProperties) = preSolution
		HideSolutionNode = FALSE
	EndGlobalSection
	GlobalSection(ExtensibilityGlobals) = postSolution
		SolutionGuid = {CF3E0C70-91AC-4040-8303-8E70A070712C}
	EndGlobalSection
EndGlobal
